// !$*UTF8*$!
{
	archiveVersion = 1;
	classes = {
	};
	objectVersion = 46;
	objects = {

/* Begin PBXBuildFile section */
		58603024DCBB015EE97C603F /* Localizable.strings in Resources */ = {isa = PBXBuildFile; fileRef = 586039690DD77B16ABB80842 /* Localizable.strings */; };
		586030EF3938019B35F5933E /* LoginVC.xib in Resources */ = {isa = PBXBuildFile; fileRef = 58603F06AD1F30B3A765EECE /* LoginVC.xib */; };
		58603105A0809F8A5560C203 /* NSString+Hashable.m in Sources */ = {isa = PBXBuildFile; fileRef = 58603FE9EA63943D730ACED2 /* NSString+Hashable.m */; };
		5860326E6FE8EF3975563C86 /* HelpVC.xib in Resources */ = {isa = PBXBuildFile; fileRef = 58603DEBB5141AA49F447E86 /* HelpVC.xib */; };
		5860333EE55C14902C698CA3 /* GameVC.xib in Resources */ = {isa = PBXBuildFile; fileRef = 5860353D8859815CF1239617 /* GameVC.xib */; };
		5860338AFEE77AB29C320D89 /* AddContentChooseVC.xib in Resources */ = {isa = PBXBuildFile; fileRef = 5860302C788BBC9423676927 /* AddContentChooseVC.xib */; };
		586034705977759638D639AB /* User.m in Sources */ = {isa = PBXBuildFile; fileRef = 5860387E6B865E0B6ABA7086 /* User.m */; };
		58603479155F691F72A03F3E /* GameModeVC.m in Sources */ = {isa = PBXBuildFile; fileRef = 58603A6FAC2E40FC0F3735C1 /* GameModeVC.m */; };
		58603494BE8F2FEBE6C8637D /* Word.m in Sources */ = {isa = PBXBuildFile; fileRef = 586034BC596D8CC8E46912F4 /* Word.m */; };
		58603494C010C413A7DE252A /* RecordsVC.m in Sources */ = {isa = PBXBuildFile; fileRef = 58603E0A58A272A97DC5E898 /* RecordsVC.m */; };
		5860352966AFCF93BF3E3CF4 /* UIView+Shakeable.m in Sources */ = {isa = PBXBuildFile; fileRef = 586034437E5C6502B7BE0FEF /* UIView+Shakeable.m */; };
		5860355BB68BF0B595E167C1 /* MainMenuVC.m in Sources */ = {isa = PBXBuildFile; fileRef = 586038524A679F9655A1C7D6 /* MainMenuVC.m */; };
		5860364E126FCAC99F18E9C6 /* CardAnswerVC.m in Sources */ = {isa = PBXBuildFile; fileRef = 5860340006B894A229ED2C30 /* CardAnswerVC.m */; };
		5860369581FD8B3D9F8D42F9 /* Meaning.m in Sources */ = {isa = PBXBuildFile; fileRef = 5860391E9CA6BBEFDF0D9494 /* Meaning.m */; };
		58603768CF28603E2B703695 /* Card.m in Sources */ = {isa = PBXBuildFile; fileRef = 58603AC94CF7EF3A0BBF69B2 /* Card.m */; };
		5860377CD0E442828468897F /* Article.m in Sources */ = {isa = PBXBuildFile; fileRef = 586035C6FF50DCF95ECAB89F /* Article.m */; };
		5860378D39F20AF847CC42F5 /* black_line.png in Resources */ = {isa = PBXBuildFile; fileRef = 58603103D649DC1E25EA5825 /* black_line.png */; };
		58603790275386AF8AE400C8 /* LoginVC.m in Sources */ = {isa = PBXBuildFile; fileRef = 586030C2BF4C7344BA28DF46 /* LoginVC.m */; };
		586039AD932ECBF0980A20AC /* MainMenuVC.xib in Resources */ = {isa = PBXBuildFile; fileRef = 5860324C8B52B5E958846E90 /* MainMenuVC.xib */; };
		58603C320E6A63D15B10205E /* CardQuestionVC.xib in Resources */ = {isa = PBXBuildFile; fileRef = 58603368D1718F0135210DD7 /* CardQuestionVC.xib */; };
		58603D0491B3120A7AF62849 /* UserManager.m in Sources */ = {isa = PBXBuildFile; fileRef = 58603D70BADA224C35E3BCD3 /* UserManager.m */; };
		58603D72EDAA591097E738B9 /* HelpVC.m in Sources */ = {isa = PBXBuildFile; fileRef = 58603A69537D3461EB0E0D4E /* HelpVC.m */; };
		58603DD8587378CE6988E4E5 /* CardQuestionVC.m in Sources */ = {isa = PBXBuildFile; fileRef = 58603B71A182DF53FB53B18C /* CardQuestionVC.m */; };
		58603E6C695BB7B4ED3183C4 /* GameModeVC.xib in Resources */ = {isa = PBXBuildFile; fileRef = 58603930732BCE7419615527 /* GameModeVC.xib */; };
		58603ED0098334ACE41CAAC2 /* GameVC.m in Sources */ = {isa = PBXBuildFile; fileRef = 5860314D03857B7EE0AFE1FF /* GameVC.m */; };
		58603EF2467690C25314E431 /* RecordsVC.xib in Resources */ = {isa = PBXBuildFile; fileRef = 586035AC413BF6C1BB06BB7F /* RecordsVC.xib */; };
		58603F040817485DA21F65BB /* CardAnswerVC.xib in Resources */ = {isa = PBXBuildFile; fileRef = 58603D25D150C44EFA242AB3 /* CardAnswerVC.xib */; };
		58603F634BA143453DC78263 /* AddContentChooseVC.m in Sources */ = {isa = PBXBuildFile; fileRef = 58603EC9DA4907D87C963DAA /* AddContentChooseVC.m */; };
		647351FF629A4DD5B982AB20 /* libPods.a in Frameworks */ = {isa = PBXBuildFile; fileRef = 84B1049A60A041B38DB1550D /* libPods.a */; };
		84381E821998A627004EB0DC /* CardGenerator.m in Sources */ = {isa = PBXBuildFile; fileRef = 84381E811998A627004EB0DC /* CardGenerator.m */; };
		84381E89199A245A004EB0DC /* Accounts.framework in Frameworks */ = {isa = PBXBuildFile; fileRef = 84381E88199A245A004EB0DC /* Accounts.framework */; };
		84381E8B199A2471004EB0DC /* Social.framework in Frameworks */ = {isa = PBXBuildFile; fileRef = 84381E8A199A2471004EB0DC /* Social.framework */; };
		84381E8D199CB58A004EB0DC /* dbScheme.sql in Resources */ = {isa = PBXBuildFile; fileRef = 84381E8C199CB58A004EB0DC /* dbScheme.sql */; };
		84462ECC19937A280072D773 /* Parse.framework in Frameworks */ = {isa = PBXBuildFile; fileRef = 84462ECB19937A280072D773 /* Parse.framework */; };
		84462ECE19937A5C0072D773 /* AudioToolbox.framework in Frameworks */ = {isa = PBXBuildFile; fileRef = 84462ECD19937A5C0072D773 /* AudioToolbox.framework */; };
		84462ED019937A670072D773 /* CFNetwork.framework in Frameworks */ = {isa = PBXBuildFile; fileRef = 84462ECF19937A670072D773 /* CFNetwork.framework */; };
		84462ED219937A800072D773 /* CoreLocation.framework in Frameworks */ = {isa = PBXBuildFile; fileRef = 84462ED119937A800072D773 /* CoreLocation.framework */; };
		84462ED419937A8C0072D773 /* libz.dylib in Frameworks */ = {isa = PBXBuildFile; fileRef = 84462ED319937A8C0072D773 /* libz.dylib */; };
		84462ED619937A940072D773 /* MobileCoreServices.framework in Frameworks */ = {isa = PBXBuildFile; fileRef = 84462ED519937A940072D773 /* MobileCoreServices.framework */; };
		84462ED819937A9B0072D773 /* QuartzCore.framework in Frameworks */ = {isa = PBXBuildFile; fileRef = 84462ED719937A9B0072D773 /* QuartzCore.framework */; };
		84462EDA19937AA50072D773 /* Security.framework in Frameworks */ = {isa = PBXBuildFile; fileRef = 84462ED919937AA50072D773 /* Security.framework */; };
		84462EDC19937AAE0072D773 /* StoreKit.framework in Frameworks */ = {isa = PBXBuildFile; fileRef = 84462EDB19937AAE0072D773 /* StoreKit.framework */; };
		84462EDE19937AB60072D773 /* SystemConfiguration.framework in Frameworks */ = {isa = PBXBuildFile; fileRef = 84462EDD19937AB60072D773 /* SystemConfiguration.framework */; };
		84462EDF19937AF30072D773 /* Parse.framework in Frameworks */ = {isa = PBXBuildFile; fileRef = 84462ECB19937A280072D773 /* Parse.framework */; };
		84462EE019937B0B0072D773 /* AudioToolbox.framework in Frameworks */ = {isa = PBXBuildFile; fileRef = 84462ECD19937A5C0072D773 /* AudioToolbox.framework */; };
		84462EE119937B0B0072D773 /* CFNetwork.framework in Frameworks */ = {isa = PBXBuildFile; fileRef = 84462ECF19937A670072D773 /* CFNetwork.framework */; };
		84462EE219937B0B0072D773 /* CoreGraphics.framework in Frameworks */ = {isa = PBXBuildFile; fileRef = 84A3A83319862CBC003594C7 /* CoreGraphics.framework */; };
		84462EE319937B0B0072D773 /* CoreLocation.framework in Frameworks */ = {isa = PBXBuildFile; fileRef = 84462ED119937A800072D773 /* CoreLocation.framework */; };
		84462EE419937B110072D773 /* libz.dylib in Frameworks */ = {isa = PBXBuildFile; fileRef = 84462ED319937A8C0072D773 /* libz.dylib */; };
		84462EE519937B310072D773 /* MobileCoreServices.framework in Frameworks */ = {isa = PBXBuildFile; fileRef = 84462ED519937A940072D773 /* MobileCoreServices.framework */; };
		84462EE619937B310072D773 /* QuartzCore.framework in Frameworks */ = {isa = PBXBuildFile; fileRef = 84462ED719937A9B0072D773 /* QuartzCore.framework */; };
		84462EE719937B310072D773 /* Security.framework in Frameworks */ = {isa = PBXBuildFile; fileRef = 84462ED919937AA50072D773 /* Security.framework */; };
		84462EE819937B310072D773 /* StoreKit.framework in Frameworks */ = {isa = PBXBuildFile; fileRef = 84462EDB19937AAE0072D773 /* StoreKit.framework */; };
		84462EE919937B310072D773 /* SystemConfiguration.framework in Frameworks */ = {isa = PBXBuildFile; fileRef = 84462EDD19937AB60072D773 /* SystemConfiguration.framework */; };
		84462EEC1993A6CC0072D773 /* ParseManager.m in Sources */ = {isa = PBXBuildFile; fileRef = 84462EEB1993A6CC0072D773 /* ParseManager.m */; };
		84462EF01994B5820072D773 /* ParseWord.m in Sources */ = {isa = PBXBuildFile; fileRef = 84462EEF1994B5820072D773 /* ParseWord.m */; };
		84462EF31994B8850072D773 /* ParseMeaning.m in Sources */ = {isa = PBXBuildFile; fileRef = 84462EF21994B8850072D773 /* ParseMeaning.m */; };
		84462EF61994B93D0072D773 /* ParseLanguage.m in Sources */ = {isa = PBXBuildFile; fileRef = 84462EF51994B93D0072D773 /* ParseLanguage.m */; };
		84462EF91994BCF10072D773 /* ParseCard.m in Sources */ = {isa = PBXBuildFile; fileRef = 84462EF81994BCF10072D773 /* ParseCard.m */; };
		84900624199CB59100272EB9 /* SettingsVC.m in Sources */ = {isa = PBXBuildFile; fileRef = 84900622199CB59100272EB9 /* SettingsVC.m */; };
		84900625199CB59100272EB9 /* SettingsVC.xib in Resources */ = {isa = PBXBuildFile; fileRef = 84900623199CB59100272EB9 /* SettingsVC.xib */; };
		84900627199CB5A400272EB9 /* 1407931660_icon-ios7-arrow-left.png in Resources */ = {isa = PBXBuildFile; fileRef = 84900626199CB5A400272EB9 /* 1407931660_icon-ios7-arrow-left.png */; };
		84900629199CB5BA00272EB9 /* 1407947738_common_logout_signout_exit_.png in Resources */ = {isa = PBXBuildFile; fileRef = 84900628199CB5BA00272EB9 /* 1407947738_common_logout_signout_exit_.png */; };
		8490062E199DC21F00272EB9 /* erundopel60.png in Resources */ = {isa = PBXBuildFile; fileRef = 8490062A199DC21F00272EB9 /* erundopel60.png */; };
		8490062F199DC21F00272EB9 /* erundopel76.png in Resources */ = {isa = PBXBuildFile; fileRef = 8490062B199DC21F00272EB9 /* erundopel76.png */; };
		84900630199DC21F00272EB9 /* erundopel120.png in Resources */ = {isa = PBXBuildFile; fileRef = 8490062C199DC21F00272EB9 /* erundopel120.png */; };
		84900631199DC21F00272EB9 /* erundopel152.png in Resources */ = {isa = PBXBuildFile; fileRef = 8490062D199DC21F00272EB9 /* erundopel152.png */; };
		8499407B198F96D40001C817 /* libsqlite3.dylib in Frameworks */ = {isa = PBXBuildFile; fileRef = 8499407A198F96D40001C817 /* libsqlite3.dylib */; };
		849940A5198FA5AF0001C817 /* Database.m in Sources */ = {isa = PBXBuildFile; fileRef = 849940A4198FA5AF0001C817 /* Database.m */; };
		849940A6198FA5AF0001C817 /* Database.m in Sources */ = {isa = PBXBuildFile; fileRef = 849940A4198FA5AF0001C817 /* Database.m */; };
		84A3A83219862CBC003594C7 /* Foundation.framework in Frameworks */ = {isa = PBXBuildFile; fileRef = 84A3A83119862CBC003594C7 /* Foundation.framework */; };
		84A3A83419862CBC003594C7 /* CoreGraphics.framework in Frameworks */ = {isa = PBXBuildFile; fileRef = 84A3A83319862CBC003594C7 /* CoreGraphics.framework */; };
		84A3A83619862CBC003594C7 /* UIKit.framework in Frameworks */ = {isa = PBXBuildFile; fileRef = 84A3A83519862CBC003594C7 /* UIKit.framework */; };
		84A3A83C19862CBC003594C7 /* InfoPlist.strings in Resources */ = {isa = PBXBuildFile; fileRef = 84A3A83A19862CBC003594C7 /* InfoPlist.strings */; };
		84A3A83E19862CBC003594C7 /* main.m in Sources */ = {isa = PBXBuildFile; fileRef = 84A3A83D19862CBC003594C7 /* main.m */; };
		84A3A84219862CBC003594C7 /* AppDelegate.m in Sources */ = {isa = PBXBuildFile; fileRef = 84A3A84119862CBC003594C7 /* AppDelegate.m */; };
		84A3A84419862CBC003594C7 /* Images.xcassets in Resources */ = {isa = PBXBuildFile; fileRef = 84A3A84319862CBC003594C7 /* Images.xcassets */; };
		84A3A84B19862CBC003594C7 /* XCTest.framework in Frameworks */ = {isa = PBXBuildFile; fileRef = 84A3A84A19862CBC003594C7 /* XCTest.framework */; };
		84A3A84C19862CBC003594C7 /* Foundation.framework in Frameworks */ = {isa = PBXBuildFile; fileRef = 84A3A83119862CBC003594C7 /* Foundation.framework */; };
		84A3A84D19862CBC003594C7 /* UIKit.framework in Frameworks */ = {isa = PBXBuildFile; fileRef = 84A3A83519862CBC003594C7 /* UIKit.framework */; };
		84A3A85519862CBC003594C7 /* InfoPlist.strings in Resources */ = {isa = PBXBuildFile; fileRef = 84A3A85319862CBC003594C7 /* InfoPlist.strings */; };
		84A3A85719862CBC003594C7 /* ErundopelTests.m in Sources */ = {isa = PBXBuildFile; fileRef = 84A3A85619862CBC003594C7 /* ErundopelTests.m */; };
/* End PBXBuildFile section */

/* Begin PBXContainerItemProxy section */
		84A3A84E19862CBC003594C7 /* PBXContainerItemProxy */ = {
			isa = PBXContainerItemProxy;
			containerPortal = 84A3A82619862CBC003594C7 /* Project object */;
			proxyType = 1;
			remoteGlobalIDString = 84A3A82D19862CBC003594C7;
			remoteInfo = Erundopel;
		};
/* End PBXContainerItemProxy section */

/* Begin PBXFileReference section */
		5860302C788BBC9423676927 /* AddContentChooseVC.xib */ = {isa = PBXFileReference; lastKnownFileType = file.xib; path = AddContentChooseVC.xib; sourceTree = "<group>"; };
		586030465B1401BD29BA6643 /* NSString+Hashable.h */ = {isa = PBXFileReference; fileEncoding = 4; lastKnownFileType = sourcecode.c.h; path = "NSString+Hashable.h"; sourceTree = "<group>"; };
		586030C2BF4C7344BA28DF46 /* LoginVC.m */ = {isa = PBXFileReference; fileEncoding = 4; lastKnownFileType = sourcecode.c.objc; path = LoginVC.m; sourceTree = "<group>"; };
		58603103D649DC1E25EA5825 /* black_line.png */ = {isa = PBXFileReference; lastKnownFileType = image.png; path = black_line.png; sourceTree = "<group>"; };
		5860314D03857B7EE0AFE1FF /* GameVC.m */ = {isa = PBXFileReference; fileEncoding = 4; lastKnownFileType = sourcecode.c.objc; path = GameVC.m; sourceTree = "<group>"; };
		5860324C8B52B5E958846E90 /* MainMenuVC.xib */ = {isa = PBXFileReference; lastKnownFileType = file.xib; path = MainMenuVC.xib; sourceTree = "<group>"; };
		58603261F8867F556EE63D6A /* CardAnswerVC.h */ = {isa = PBXFileReference; fileEncoding = 4; lastKnownFileType = sourcecode.c.h; path = CardAnswerVC.h; sourceTree = "<group>"; };
		58603368D1718F0135210DD7 /* CardQuestionVC.xib */ = {isa = PBXFileReference; lastKnownFileType = file.xib; path = CardQuestionVC.xib; sourceTree = "<group>"; };
		586033C2F7951289201A8386 /* Article.h */ = {isa = PBXFileReference; fileEncoding = 4; lastKnownFileType = sourcecode.c.h; path = Article.h; sourceTree = "<group>"; };
		5860340006B894A229ED2C30 /* CardAnswerVC.m */ = {isa = PBXFileReference; fileEncoding = 4; lastKnownFileType = sourcecode.c.objc; path = CardAnswerVC.m; sourceTree = "<group>"; };
		586034437E5C6502B7BE0FEF /* UIView+Shakeable.m */ = {isa = PBXFileReference; fileEncoding = 4; lastKnownFileType = sourcecode.c.objc; path = "UIView+Shakeable.m"; sourceTree = "<group>"; };
		586034BC596D8CC8E46912F4 /* Word.m */ = {isa = PBXFileReference; fileEncoding = 4; lastKnownFileType = sourcecode.c.objc; path = Word.m; sourceTree = "<group>"; };
		5860353D8859815CF1239617 /* GameVC.xib */ = {isa = PBXFileReference; lastKnownFileType = file.xib; path = GameVC.xib; sourceTree = "<group>"; };
		586035957EA512875A5C7D80 /* Word.h */ = {isa = PBXFileReference; fileEncoding = 4; lastKnownFileType = sourcecode.c.h; path = Word.h; sourceTree = "<group>"; };
		586035AC413BF6C1BB06BB7F /* RecordsVC.xib */ = {isa = PBXFileReference; lastKnownFileType = file.xib; path = RecordsVC.xib; sourceTree = "<group>"; };
		586035C0F32726D09541865E /* Card.h */ = {isa = PBXFileReference; fileEncoding = 4; lastKnownFileType = sourcecode.c.h; path = Card.h; sourceTree = "<group>"; };
		586035C6FF50DCF95ECAB89F /* Article.m */ = {isa = PBXFileReference; fileEncoding = 4; lastKnownFileType = sourcecode.c.objc; path = Article.m; sourceTree = "<group>"; };
		586036C004E2928611418D3D /* GameModeVC.h */ = {isa = PBXFileReference; fileEncoding = 4; lastKnownFileType = sourcecode.c.h; path = GameModeVC.h; sourceTree = "<group>"; };
		586036FE4E64CC45A88119B9 /* UIView+Shakeable.h */ = {isa = PBXFileReference; fileEncoding = 4; lastKnownFileType = sourcecode.c.h; path = "UIView+Shakeable.h"; sourceTree = "<group>"; };
		5860375F86ADB17CA63B30BD /* GameFinisher.h */ = {isa = PBXFileReference; fileEncoding = 4; lastKnownFileType = sourcecode.c.h; path = GameFinisher.h; sourceTree = "<group>"; };
		586037A196212F89F5368B56 /* User.h */ = {isa = PBXFileReference; fileEncoding = 4; lastKnownFileType = sourcecode.c.h; path = User.h; sourceTree = "<group>"; };
		586037DEC42EA52105DCC489 /* Meaning.h */ = {isa = PBXFileReference; fileEncoding = 4; lastKnownFileType = sourcecode.c.h; path = Meaning.h; sourceTree = "<group>"; };
		586038524A679F9655A1C7D6 /* MainMenuVC.m */ = {isa = PBXFileReference; fileEncoding = 4; lastKnownFileType = sourcecode.c.objc; path = MainMenuVC.m; sourceTree = "<group>"; };
		5860387E6B865E0B6ABA7086 /* User.m */ = {isa = PBXFileReference; fileEncoding = 4; lastKnownFileType = sourcecode.c.objc; path = User.m; sourceTree = "<group>"; };
		5860391E9CA6BBEFDF0D9494 /* Meaning.m */ = {isa = PBXFileReference; fileEncoding = 4; lastKnownFileType = sourcecode.c.objc; path = Meaning.m; sourceTree = "<group>"; };
		58603930732BCE7419615527 /* GameModeVC.xib */ = {isa = PBXFileReference; lastKnownFileType = file.xib; path = GameModeVC.xib; sourceTree = "<group>"; };
		586039690DD77B16ABB80842 /* Localizable.strings */ = {isa = PBXFileReference; fileEncoding = 4; lastKnownFileType = text.plist.strings; path = Localizable.strings; sourceTree = "<group>"; };
		58603A69537D3461EB0E0D4E /* HelpVC.m */ = {isa = PBXFileReference; fileEncoding = 4; lastKnownFileType = sourcecode.c.objc; path = HelpVC.m; sourceTree = "<group>"; };
		58603A6FAC2E40FC0F3735C1 /* GameModeVC.m */ = {isa = PBXFileReference; fileEncoding = 4; lastKnownFileType = sourcecode.c.objc; path = GameModeVC.m; sourceTree = "<group>"; };
		58603AC94CF7EF3A0BBF69B2 /* Card.m */ = {isa = PBXFileReference; fileEncoding = 4; lastKnownFileType = sourcecode.c.objc; path = Card.m; sourceTree = "<group>"; };
		58603B71A182DF53FB53B18C /* CardQuestionVC.m */ = {isa = PBXFileReference; fileEncoding = 4; lastKnownFileType = sourcecode.c.objc; path = CardQuestionVC.m; sourceTree = "<group>"; };
		58603C123C341C75158C81D2 /* LoginVC.h */ = {isa = PBXFileReference; fileEncoding = 4; lastKnownFileType = sourcecode.c.h; path = LoginVC.h; sourceTree = "<group>"; };
		58603D169F6CE6BC3A65C5CF /* HelpVC.h */ = {isa = PBXFileReference; fileEncoding = 4; lastKnownFileType = sourcecode.c.h; path = HelpVC.h; sourceTree = "<group>"; };
		58603D25D150C44EFA242AB3 /* CardAnswerVC.xib */ = {isa = PBXFileReference; lastKnownFileType = file.xib; path = CardAnswerVC.xib; sourceTree = "<group>"; };
		58603D70BADA224C35E3BCD3 /* UserManager.m */ = {isa = PBXFileReference; fileEncoding = 4; lastKnownFileType = sourcecode.c.objc; path = UserManager.m; sourceTree = "<group>"; };
		58603D8A4692600E318B80A9 /* GameVC.h */ = {isa = PBXFileReference; fileEncoding = 4; lastKnownFileType = sourcecode.c.h; path = GameVC.h; sourceTree = "<group>"; };
		58603D8E055F9BB67A04944C /* MainMenuVC.h */ = {isa = PBXFileReference; fileEncoding = 4; lastKnownFileType = sourcecode.c.h; path = MainMenuVC.h; sourceTree = "<group>"; };
		58603DEBB5141AA49F447E86 /* HelpVC.xib */ = {isa = PBXFileReference; lastKnownFileType = file.xib; path = HelpVC.xib; sourceTree = "<group>"; };
		58603E0A58A272A97DC5E898 /* RecordsVC.m */ = {isa = PBXFileReference; fileEncoding = 4; lastKnownFileType = sourcecode.c.objc; path = RecordsVC.m; sourceTree = "<group>"; };
		58603EA7DF2ADBB33EE1DA11 /* RecordsVC.h */ = {isa = PBXFileReference; fileEncoding = 4; lastKnownFileType = sourcecode.c.h; path = RecordsVC.h; sourceTree = "<group>"; };
		58603EC9DA4907D87C963DAA /* AddContentChooseVC.m */ = {isa = PBXFileReference; fileEncoding = 4; lastKnownFileType = sourcecode.c.objc; path = AddContentChooseVC.m; sourceTree = "<group>"; };
		58603EE0614B1CD9A1444552 /* AddContentChooseVC.h */ = {isa = PBXFileReference; fileEncoding = 4; lastKnownFileType = sourcecode.c.h; path = AddContentChooseVC.h; sourceTree = "<group>"; };
		58603F06AD1F30B3A765EECE /* LoginVC.xib */ = {isa = PBXFileReference; lastKnownFileType = file.xib; path = LoginVC.xib; sourceTree = "<group>"; };
		58603F705D8F351E10F0F97F /* CardQuestionVC.h */ = {isa = PBXFileReference; fileEncoding = 4; lastKnownFileType = sourcecode.c.h; path = CardQuestionVC.h; sourceTree = "<group>"; };
		58603FB5F7019FA9A732B3C6 /* UserManager.h */ = {isa = PBXFileReference; fileEncoding = 4; lastKnownFileType = sourcecode.c.h; path = UserManager.h; sourceTree = "<group>"; };
		58603FE9EA63943D730ACED2 /* NSString+Hashable.m */ = {isa = PBXFileReference; fileEncoding = 4; lastKnownFileType = sourcecode.c.objc; path = "NSString+Hashable.m"; sourceTree = "<group>"; };
		84381E801998A627004EB0DC /* CardGenerator.h */ = {isa = PBXFileReference; fileEncoding = 4; lastKnownFileType = sourcecode.c.h; path = CardGenerator.h; sourceTree = "<group>"; };
		84381E811998A627004EB0DC /* CardGenerator.m */ = {isa = PBXFileReference; fileEncoding = 4; lastKnownFileType = sourcecode.c.objc; path = CardGenerator.m; sourceTree = "<group>"; };
		84381E88199A245A004EB0DC /* Accounts.framework */ = {isa = PBXFileReference; lastKnownFileType = wrapper.framework; name = Accounts.framework; path = System/Library/Frameworks/Accounts.framework; sourceTree = SDKROOT; };
		84381E8A199A2471004EB0DC /* Social.framework */ = {isa = PBXFileReference; lastKnownFileType = wrapper.framework; name = Social.framework; path = System/Library/Frameworks/Social.framework; sourceTree = SDKROOT; };
		84381E8C199CB58A004EB0DC /* dbScheme.sql */ = {isa = PBXFileReference; fileEncoding = 4; lastKnownFileType = text; path = dbScheme.sql; sourceTree = "<group>"; };
		84462ECB19937A280072D773 /* Parse.framework */ = {isa = PBXFileReference; lastKnownFileType = wrapper.framework; path = Parse.framework; sourceTree = "<group>"; };
		84462ECD19937A5C0072D773 /* AudioToolbox.framework */ = {isa = PBXFileReference; lastKnownFileType = wrapper.framework; name = AudioToolbox.framework; path = System/Library/Frameworks/AudioToolbox.framework; sourceTree = SDKROOT; };
		84462ECF19937A670072D773 /* CFNetwork.framework */ = {isa = PBXFileReference; lastKnownFileType = wrapper.framework; name = CFNetwork.framework; path = System/Library/Frameworks/CFNetwork.framework; sourceTree = SDKROOT; };
		84462ED119937A800072D773 /* CoreLocation.framework */ = {isa = PBXFileReference; lastKnownFileType = wrapper.framework; name = CoreLocation.framework; path = System/Library/Frameworks/CoreLocation.framework; sourceTree = SDKROOT; };
		84462ED319937A8C0072D773 /* libz.dylib */ = {isa = PBXFileReference; lastKnownFileType = "compiled.mach-o.dylib"; name = libz.dylib; path = usr/lib/libz.dylib; sourceTree = SDKROOT; };
		84462ED519937A940072D773 /* MobileCoreServices.framework */ = {isa = PBXFileReference; lastKnownFileType = wrapper.framework; name = MobileCoreServices.framework; path = System/Library/Frameworks/MobileCoreServices.framework; sourceTree = SDKROOT; };
		84462ED719937A9B0072D773 /* QuartzCore.framework */ = {isa = PBXFileReference; lastKnownFileType = wrapper.framework; name = QuartzCore.framework; path = System/Library/Frameworks/QuartzCore.framework; sourceTree = SDKROOT; };
		84462ED919937AA50072D773 /* Security.framework */ = {isa = PBXFileReference; lastKnownFileType = wrapper.framework; name = Security.framework; path = System/Library/Frameworks/Security.framework; sourceTree = SDKROOT; };
		84462EDB19937AAE0072D773 /* StoreKit.framework */ = {isa = PBXFileReference; lastKnownFileType = wrapper.framework; name = StoreKit.framework; path = System/Library/Frameworks/StoreKit.framework; sourceTree = SDKROOT; };
		84462EDD19937AB60072D773 /* SystemConfiguration.framework */ = {isa = PBXFileReference; lastKnownFileType = wrapper.framework; name = SystemConfiguration.framework; path = System/Library/Frameworks/SystemConfiguration.framework; sourceTree = SDKROOT; };
		84462EEA1993A6CC0072D773 /* ParseManager.h */ = {isa = PBXFileReference; fileEncoding = 4; lastKnownFileType = sourcecode.c.h; path = ParseManager.h; sourceTree = "<group>"; };
		84462EEB1993A6CC0072D773 /* ParseManager.m */ = {isa = PBXFileReference; fileEncoding = 4; lastKnownFileType = sourcecode.c.objc; path = ParseManager.m; sourceTree = "<group>"; };
		84462EEE1994B5820072D773 /* ParseWord.h */ = {isa = PBXFileReference; fileEncoding = 4; lastKnownFileType = sourcecode.c.h; path = ParseWord.h; sourceTree = "<group>"; };
		84462EEF1994B5820072D773 /* ParseWord.m */ = {isa = PBXFileReference; fileEncoding = 4; lastKnownFileType = sourcecode.c.objc; path = ParseWord.m; sourceTree = "<group>"; };
		84462EF11994B8850072D773 /* ParseMeaning.h */ = {isa = PBXFileReference; fileEncoding = 4; lastKnownFileType = sourcecode.c.h; path = ParseMeaning.h; sourceTree = "<group>"; };
		84462EF21994B8850072D773 /* ParseMeaning.m */ = {isa = PBXFileReference; fileEncoding = 4; lastKnownFileType = sourcecode.c.objc; path = ParseMeaning.m; sourceTree = "<group>"; };
		84462EF41994B93D0072D773 /* ParseLanguage.h */ = {isa = PBXFileReference; fileEncoding = 4; lastKnownFileType = sourcecode.c.h; path = ParseLanguage.h; sourceTree = "<group>"; };
		84462EF51994B93D0072D773 /* ParseLanguage.m */ = {isa = PBXFileReference; fileEncoding = 4; lastKnownFileType = sourcecode.c.objc; path = ParseLanguage.m; sourceTree = "<group>"; };
		84462EF71994BCF10072D773 /* ParseCard.h */ = {isa = PBXFileReference; fileEncoding = 4; lastKnownFileType = sourcecode.c.h; path = ParseCard.h; sourceTree = "<group>"; };
		84462EF81994BCF10072D773 /* ParseCard.m */ = {isa = PBXFileReference; fileEncoding = 4; lastKnownFileType = sourcecode.c.objc; path = ParseCard.m; sourceTree = "<group>"; };
		84900621199CB59100272EB9 /* SettingsVC.h */ = {isa = PBXFileReference; fileEncoding = 4; lastKnownFileType = sourcecode.c.h; path = SettingsVC.h; sourceTree = "<group>"; };
		84900622199CB59100272EB9 /* SettingsVC.m */ = {isa = PBXFileReference; fileEncoding = 4; lastKnownFileType = sourcecode.c.objc; path = SettingsVC.m; sourceTree = "<group>"; };
		84900623199CB59100272EB9 /* SettingsVC.xib */ = {isa = PBXFileReference; fileEncoding = 4; lastKnownFileType = file.xib; path = SettingsVC.xib; sourceTree = "<group>"; };
		84900626199CB5A400272EB9 /* 1407931660_icon-ios7-arrow-left.png */ = {isa = PBXFileReference; lastKnownFileType = image.png; path = "1407931660_icon-ios7-arrow-left.png"; sourceTree = "<group>"; };
		84900628199CB5BA00272EB9 /* 1407947738_common_logout_signout_exit_.png */ = {isa = PBXFileReference; lastKnownFileType = image.png; path = 1407947738_common_logout_signout_exit_.png; sourceTree = "<group>"; };
		8490062A199DC21F00272EB9 /* erundopel60.png */ = {isa = PBXFileReference; lastKnownFileType = image.png; path = erundopel60.png; sourceTree = "<group>"; };
		8490062B199DC21F00272EB9 /* erundopel76.png */ = {isa = PBXFileReference; lastKnownFileType = image.png; path = erundopel76.png; sourceTree = "<group>"; };
		8490062C199DC21F00272EB9 /* erundopel120.png */ = {isa = PBXFileReference; lastKnownFileType = image.png; path = erundopel120.png; sourceTree = "<group>"; };
		8490062D199DC21F00272EB9 /* erundopel152.png */ = {isa = PBXFileReference; lastKnownFileType = image.png; path = erundopel152.png; sourceTree = "<group>"; };
		8499407A198F96D40001C817 /* libsqlite3.dylib */ = {isa = PBXFileReference; lastKnownFileType = "compiled.mach-o.dylib"; name = libsqlite3.dylib; path = usr/lib/libsqlite3.dylib; sourceTree = SDKROOT; };
		849940A3198FA5AF0001C817 /* Database.h */ = {isa = PBXFileReference; fileEncoding = 4; lastKnownFileType = sourcecode.c.h; path = Database.h; sourceTree = "<group>"; };
		849940A4198FA5AF0001C817 /* Database.m */ = {isa = PBXFileReference; fileEncoding = 4; lastKnownFileType = sourcecode.c.objc; path = Database.m; sourceTree = "<group>"; };
		84A3A82E19862CBC003594C7 /* Erundopel.app */ = {isa = PBXFileReference; explicitFileType = wrapper.application; includeInIndex = 0; path = Erundopel.app; sourceTree = BUILT_PRODUCTS_DIR; };
		84A3A83119862CBC003594C7 /* Foundation.framework */ = {isa = PBXFileReference; lastKnownFileType = wrapper.framework; name = Foundation.framework; path = System/Library/Frameworks/Foundation.framework; sourceTree = SDKROOT; };
		84A3A83319862CBC003594C7 /* CoreGraphics.framework */ = {isa = PBXFileReference; lastKnownFileType = wrapper.framework; name = CoreGraphics.framework; path = System/Library/Frameworks/CoreGraphics.framework; sourceTree = SDKROOT; };
		84A3A83519862CBC003594C7 /* UIKit.framework */ = {isa = PBXFileReference; lastKnownFileType = wrapper.framework; name = UIKit.framework; path = System/Library/Frameworks/UIKit.framework; sourceTree = SDKROOT; };
		84A3A83919862CBC003594C7 /* Erundopel-Info.plist */ = {isa = PBXFileReference; lastKnownFileType = text.plist.xml; path = "Erundopel-Info.plist"; sourceTree = "<group>"; };
		84A3A83B19862CBC003594C7 /* en */ = {isa = PBXFileReference; lastKnownFileType = text.plist.strings; name = en; path = en.lproj/InfoPlist.strings; sourceTree = "<group>"; };
		84A3A83D19862CBC003594C7 /* main.m */ = {isa = PBXFileReference; lastKnownFileType = sourcecode.c.objc; path = main.m; sourceTree = "<group>"; };
		84A3A83F19862CBC003594C7 /* Erundopel-Prefix.pch */ = {isa = PBXFileReference; lastKnownFileType = sourcecode.c.h; path = "Erundopel-Prefix.pch"; sourceTree = "<group>"; };
		84A3A84019862CBC003594C7 /* AppDelegate.h */ = {isa = PBXFileReference; lastKnownFileType = sourcecode.c.h; path = AppDelegate.h; sourceTree = "<group>"; };
		84A3A84119862CBC003594C7 /* AppDelegate.m */ = {isa = PBXFileReference; lastKnownFileType = sourcecode.c.objc; path = AppDelegate.m; sourceTree = "<group>"; };
		84A3A84319862CBC003594C7 /* Images.xcassets */ = {isa = PBXFileReference; lastKnownFileType = folder.assetcatalog; path = Images.xcassets; sourceTree = "<group>"; };
		84A3A84919862CBC003594C7 /* ErundopelTests.xctest */ = {isa = PBXFileReference; explicitFileType = wrapper.cfbundle; includeInIndex = 0; path = ErundopelTests.xctest; sourceTree = BUILT_PRODUCTS_DIR; };
		84A3A84A19862CBC003594C7 /* XCTest.framework */ = {isa = PBXFileReference; lastKnownFileType = wrapper.framework; name = XCTest.framework; path = Library/Frameworks/XCTest.framework; sourceTree = DEVELOPER_DIR; };
		84A3A85219862CBC003594C7 /* ErundopelTests-Info.plist */ = {isa = PBXFileReference; lastKnownFileType = text.plist.xml; path = "ErundopelTests-Info.plist"; sourceTree = "<group>"; };
		84A3A85419862CBC003594C7 /* en */ = {isa = PBXFileReference; lastKnownFileType = text.plist.strings; name = en; path = en.lproj/InfoPlist.strings; sourceTree = "<group>"; };
		84A3A85619862CBC003594C7 /* ErundopelTests.m */ = {isa = PBXFileReference; lastKnownFileType = sourcecode.c.objc; path = ErundopelTests.m; sourceTree = "<group>"; };
		84B1049A60A041B38DB1550D /* libPods.a */ = {isa = PBXFileReference; explicitFileType = archive.ar; includeInIndex = 0; path = libPods.a; sourceTree = BUILT_PRODUCTS_DIR; };
		DC8C1DE010FC4D3A999E2FEA /* Pods.xcconfig */ = {isa = PBXFileReference; includeInIndex = 1; lastKnownFileType = text.xcconfig; name = Pods.xcconfig; path = Pods/Pods.xcconfig; sourceTree = "<group>"; };
/* End PBXFileReference section */

/* Begin PBXFrameworksBuildPhase section */
		84A3A82B19862CBC003594C7 /* Frameworks */ = {
			isa = PBXFrameworksBuildPhase;
			buildActionMask = 2147483647;
			files = (
				84381E8B199A2471004EB0DC /* Social.framework in Frameworks */,
				84381E89199A245A004EB0DC /* Accounts.framework in Frameworks */,
				84462EDE19937AB60072D773 /* SystemConfiguration.framework in Frameworks */,
				84462EDC19937AAE0072D773 /* StoreKit.framework in Frameworks */,
				84462EDA19937AA50072D773 /* Security.framework in Frameworks */,
				84462ED819937A9B0072D773 /* QuartzCore.framework in Frameworks */,
				84462ED619937A940072D773 /* MobileCoreServices.framework in Frameworks */,
				84462ED419937A8C0072D773 /* libz.dylib in Frameworks */,
				84462ED219937A800072D773 /* CoreLocation.framework in Frameworks */,
				84A3A83419862CBC003594C7 /* CoreGraphics.framework in Frameworks */,
				84462ED019937A670072D773 /* CFNetwork.framework in Frameworks */,
				84462ECE19937A5C0072D773 /* AudioToolbox.framework in Frameworks */,
				8499407B198F96D40001C817 /* libsqlite3.dylib in Frameworks */,
				84A3A83619862CBC003594C7 /* UIKit.framework in Frameworks */,
				84A3A83219862CBC003594C7 /* Foundation.framework in Frameworks */,
				84462ECC19937A280072D773 /* Parse.framework in Frameworks */,
				647351FF629A4DD5B982AB20 /* libPods.a in Frameworks */,
			);
			runOnlyForDeploymentPostprocessing = 0;
		};
		84A3A84619862CBC003594C7 /* Frameworks */ = {
			isa = PBXFrameworksBuildPhase;
			buildActionMask = 2147483647;
			files = (
				84462EE519937B310072D773 /* MobileCoreServices.framework in Frameworks */,
				84462EE619937B310072D773 /* QuartzCore.framework in Frameworks */,
				84462EE719937B310072D773 /* Security.framework in Frameworks */,
				84462EE819937B310072D773 /* StoreKit.framework in Frameworks */,
				84462EE919937B310072D773 /* SystemConfiguration.framework in Frameworks */,
				84462EE419937B110072D773 /* libz.dylib in Frameworks */,
				84462EE019937B0B0072D773 /* AudioToolbox.framework in Frameworks */,
				84462EE119937B0B0072D773 /* CFNetwork.framework in Frameworks */,
				84462EE219937B0B0072D773 /* CoreGraphics.framework in Frameworks */,
				84462EE319937B0B0072D773 /* CoreLocation.framework in Frameworks */,
				84462EDF19937AF30072D773 /* Parse.framework in Frameworks */,
				84A3A84B19862CBC003594C7 /* XCTest.framework in Frameworks */,
				84A3A84D19862CBC003594C7 /* UIKit.framework in Frameworks */,
				84A3A84C19862CBC003594C7 /* Foundation.framework in Frameworks */,
			);
			runOnlyForDeploymentPostprocessing = 0;
		};
/* End PBXFrameworksBuildPhase section */

/* Begin PBXGroup section */
		5860305084161646998BB114 /* UtilCategories */ = {
			isa = PBXGroup;
			children = (
				586036FE4E64CC45A88119B9 /* UIView+Shakeable.h */,
				58603FE9EA63943D730ACED2 /* NSString+Hashable.m */,
				586034437E5C6502B7BE0FEF /* UIView+Shakeable.m */,
				586030465B1401BD29BA6643 /* NSString+Hashable.h */,
			);
			path = UtilCategories;
			sourceTree = "<group>";
		};
		586033E2222DB33A58123231 /* Model */ = {
			isa = PBXGroup;
			children = (
				58603FB5F7019FA9A732B3C6 /* UserManager.h */,
				58603D70BADA224C35E3BCD3 /* UserManager.m */,
				586037A196212F89F5368B56 /* User.h */,
				5860387E6B865E0B6ABA7086 /* User.m */,
				586035957EA512875A5C7D80 /* Word.h */,
				586034BC596D8CC8E46912F4 /* Word.m */,
				586035C6FF50DCF95ECAB89F /* Article.m */,
				586033C2F7951289201A8386 /* Article.h */,
				586037DEC42EA52105DCC489 /* Meaning.h */,
				5860391E9CA6BBEFDF0D9494 /* Meaning.m */,
				586035C0F32726D09541865E /* Card.h */,
				58603AC94CF7EF3A0BBF69B2 /* Card.m */,
			);
			name = Model;
			sourceTree = "<group>";
		};
		586037DA83AC0194043309B0 /* GUI */ = {
			isa = PBXGroup;
			children = (
				84900621199CB59100272EB9 /* SettingsVC.h */,
				84900622199CB59100272EB9 /* SettingsVC.m */,
				84900623199CB59100272EB9 /* SettingsVC.xib */,
				58603EE0614B1CD9A1444552 /* AddContentChooseVC.h */,
				58603EC9DA4907D87C963DAA /* AddContentChooseVC.m */,
				5860302C788BBC9423676927 /* AddContentChooseVC.xib */,
				58603261F8867F556EE63D6A /* CardAnswerVC.h */,
				5860340006B894A229ED2C30 /* CardAnswerVC.m */,
				58603D25D150C44EFA242AB3 /* CardAnswerVC.xib */,
				58603F705D8F351E10F0F97F /* CardQuestionVC.h */,
				58603B71A182DF53FB53B18C /* CardQuestionVC.m */,
				58603368D1718F0135210DD7 /* CardQuestionVC.xib */,
				5860375F86ADB17CA63B30BD /* GameFinisher.h */,
				586036C004E2928611418D3D /* GameModeVC.h */,
				58603A6FAC2E40FC0F3735C1 /* GameModeVC.m */,
				58603930732BCE7419615527 /* GameModeVC.xib */,
				58603D8A4692600E318B80A9 /* GameVC.h */,
				5860314D03857B7EE0AFE1FF /* GameVC.m */,
				5860353D8859815CF1239617 /* GameVC.xib */,
				58603D169F6CE6BC3A65C5CF /* HelpVC.h */,
				58603A69537D3461EB0E0D4E /* HelpVC.m */,
				58603DEBB5141AA49F447E86 /* HelpVC.xib */,
				58603D8E055F9BB67A04944C /* MainMenuVC.h */,
				586038524A679F9655A1C7D6 /* MainMenuVC.m */,
				5860324C8B52B5E958846E90 /* MainMenuVC.xib */,
				58603C123C341C75158C81D2 /* LoginVC.h */,
				586030C2BF4C7344BA28DF46 /* LoginVC.m */,
				58603F06AD1F30B3A765EECE /* LoginVC.xib */,
				58603EA7DF2ADBB33EE1DA11 /* RecordsVC.h */,
				58603E0A58A272A97DC5E898 /* RecordsVC.m */,
				586035AC413BF6C1BB06BB7F /* RecordsVC.xib */,
			);
			name = GUI;
			sourceTree = "<group>";
		};
		5860395D77DED98607B51368 /* Resources */ = {
			isa = PBXGroup;
			children = (
				8490062A199DC21F00272EB9 /* erundopel60.png */,
				8490062B199DC21F00272EB9 /* erundopel76.png */,
				8490062C199DC21F00272EB9 /* erundopel120.png */,
				8490062D199DC21F00272EB9 /* erundopel152.png */,
				84381E8C199CB58A004EB0DC /* dbScheme.sql */,
				84900628199CB5BA00272EB9 /* 1407947738_common_logout_signout_exit_.png */,
				84900626199CB5A400272EB9 /* 1407931660_icon-ios7-arrow-left.png */,
				58603103D649DC1E25EA5825 /* black_line.png */,
			);
			name = Resources;
			sourceTree = "<group>";
		};
		84381E7F1998A35E004EB0DC /* ParseClasses */ = {
			isa = PBXGroup;
			children = (
				84462EEA1993A6CC0072D773 /* ParseManager.h */,
				84462EEB1993A6CC0072D773 /* ParseManager.m */,
				84462EEE1994B5820072D773 /* ParseWord.h */,
				84462EEF1994B5820072D773 /* ParseWord.m */,
				84462EF11994B8850072D773 /* ParseMeaning.h */,
				84462EF21994B8850072D773 /* ParseMeaning.m */,
				84462EF41994B93D0072D773 /* ParseLanguage.h */,
				84462EF51994B93D0072D773 /* ParseLanguage.m */,
				84462EF71994BCF10072D773 /* ParseCard.h */,
				84462EF81994BCF10072D773 /* ParseCard.m */,
			);
			name = ParseClasses;
			sourceTree = "<group>";
		};
		84A3A82519862CBC003594C7 = {
			isa = PBXGroup;
			children = (
				84A3A83719862CBC003594C7 /* Erundopel */,
				84A3A83019862CBC003594C7 /* Frameworks */,
				84A3A82F19862CBC003594C7 /* Products */,
				DC8C1DE010FC4D3A999E2FEA /* Pods.xcconfig */,
			);
			sourceTree = "<group>";
		};
		84A3A82F19862CBC003594C7 /* Products */ = {
			isa = PBXGroup;
			children = (
				84A3A82E19862CBC003594C7 /* Erundopel.app */,
				84A3A84919862CBC003594C7 /* ErundopelTests.xctest */,
			);
			name = Products;
			sourceTree = "<group>";
		};
		84A3A83019862CBC003594C7 /* Frameworks */ = {
			isa = PBXGroup;
			children = (
				84381E8A199A2471004EB0DC /* Social.framework */,
				84381E88199A245A004EB0DC /* Accounts.framework */,
				84462EDD19937AB60072D773 /* SystemConfiguration.framework */,
				84462EDB19937AAE0072D773 /* StoreKit.framework */,
				84462ED919937AA50072D773 /* Security.framework */,
				84462ED719937A9B0072D773 /* QuartzCore.framework */,
				84462ED519937A940072D773 /* MobileCoreServices.framework */,
				84462ED319937A8C0072D773 /* libz.dylib */,
				84462ED119937A800072D773 /* CoreLocation.framework */,
				84462ECF19937A670072D773 /* CFNetwork.framework */,
				84462ECD19937A5C0072D773 /* AudioToolbox.framework */,
				84462ECB19937A280072D773 /* Parse.framework */,
				8499407A198F96D40001C817 /* libsqlite3.dylib */,
				84A3A83119862CBC003594C7 /* Foundation.framework */,
				84A3A83319862CBC003594C7 /* CoreGraphics.framework */,
				84A3A83519862CBC003594C7 /* UIKit.framework */,
				84A3A84A19862CBC003594C7 /* XCTest.framework */,
				84B1049A60A041B38DB1550D /* libPods.a */,
			);
			name = Frameworks;
			sourceTree = "<group>";
		};
		84A3A83719862CBC003594C7 /* Erundopel */ = {
			isa = PBXGroup;
			children = (
				84A3A84019862CBC003594C7 /* AppDelegate.h */,
				84A3A84119862CBC003594C7 /* AppDelegate.m */,
				84A3A84319862CBC003594C7 /* Images.xcassets */,
				849940A3198FA5AF0001C817 /* Database.h */,
				849940A4198FA5AF0001C817 /* Database.m */,
				84A3A83819862CBC003594C7 /* Supporting Files */,
				84381E801998A627004EB0DC /* CardGenerator.h */,
				84381E811998A627004EB0DC /* CardGenerator.m */,
				84381E7F1998A35E004EB0DC /* ParseClasses */,
				84A3A85019862CBC003594C7 /* ErundopelTests */,
				586037DA83AC0194043309B0 /* GUI */,
				586033E2222DB33A58123231 /* Model */,
				5860395D77DED98607B51368 /* Resources */,
				5860305084161646998BB114 /* UtilCategories */,
				586039690DD77B16ABB80842 /* Localizable.strings */,
			);
			path = Erundopel;
			sourceTree = "<group>";
		};
		84A3A83819862CBC003594C7 /* Supporting Files */ = {
			isa = PBXGroup;
			children = (
				84A3A83919862CBC003594C7 /* Erundopel-Info.plist */,
				84A3A83A19862CBC003594C7 /* InfoPlist.strings */,
				84A3A83D19862CBC003594C7 /* main.m */,
				84A3A83F19862CBC003594C7 /* Erundopel-Prefix.pch */,
			);
			name = "Supporting Files";
			sourceTree = "<group>";
		};
		84A3A85019862CBC003594C7 /* ErundopelTests */ = {
			isa = PBXGroup;
			children = (
				84A3A85619862CBC003594C7 /* ErundopelTests.m */,
				84A3A85119862CBC003594C7 /* Supporting Files */,
			);
			path = ErundopelTests;
			sourceTree = SOURCE_ROOT;
		};
		84A3A85119862CBC003594C7 /* Supporting Files */ = {
			isa = PBXGroup;
			children = (
				84A3A85219862CBC003594C7 /* ErundopelTests-Info.plist */,
				84A3A85319862CBC003594C7 /* InfoPlist.strings */,
			);
			name = "Supporting Files";
			sourceTree = "<group>";
		};
/* End PBXGroup section */

/* Begin PBXNativeTarget section */
		84A3A82D19862CBC003594C7 /* Erundopel */ = {
			isa = PBXNativeTarget;
			buildConfigurationList = 84A3A85A19862CBC003594C7 /* Build configuration list for PBXNativeTarget "Erundopel" */;
			buildPhases = (
				4C3D64576C4440FA97D170C7 /* Check Pods Manifest.lock */,
				84A3A82A19862CBC003594C7 /* Sources */,
				84A3A82B19862CBC003594C7 /* Frameworks */,
				84A3A82C19862CBC003594C7 /* Resources */,
				0BD4B8AB12CA4A0AA2E8C74E /* Copy Pods Resources */,
			);
			buildRules = (
			);
			dependencies = (
			);
			name = Erundopel;
			productName = Erundopel;
			productReference = 84A3A82E19862CBC003594C7 /* Erundopel.app */;
			productType = "com.apple.product-type.application";
		};
		84A3A84819862CBC003594C7 /* ErundopelTests */ = {
			isa = PBXNativeTarget;
			buildConfigurationList = 84A3A85D19862CBC003594C7 /* Build configuration list for PBXNativeTarget "ErundopelTests" */;
			buildPhases = (
				84A3A84519862CBC003594C7 /* Sources */,
				84A3A84619862CBC003594C7 /* Frameworks */,
				84A3A84719862CBC003594C7 /* Resources */,
			);
			buildRules = (
			);
			dependencies = (
				84A3A84F19862CBC003594C7 /* PBXTargetDependency */,
			);
			name = ErundopelTests;
			productName = ErundopelTests;
			productReference = 84A3A84919862CBC003594C7 /* ErundopelTests.xctest */;
			productType = "com.apple.product-type.bundle.unit-test";
		};
/* End PBXNativeTarget section */

/* Begin PBXProject section */
		84A3A82619862CBC003594C7 /* Project object */ = {
			isa = PBXProject;
			attributes = {
				LastUpgradeCheck = 0510;
				ORGANIZATIONNAME = "Noveo Summer Internship";
				TargetAttributes = {
					84A3A84819862CBC003594C7 = {
						TestTargetID = 84A3A82D19862CBC003594C7;
					};
				};
			};
			buildConfigurationList = 84A3A82919862CBC003594C7 /* Build configuration list for PBXProject "Erundopel" */;
			compatibilityVersion = "Xcode 3.2";
			developmentRegion = English;
			hasScannedForEncodings = 0;
			knownRegions = (
				en,
			);
			mainGroup = 84A3A82519862CBC003594C7;
			productRefGroup = 84A3A82F19862CBC003594C7 /* Products */;
			projectDirPath = "";
			projectRoot = "";
			targets = (
				84A3A82D19862CBC003594C7 /* Erundopel */,
				84A3A84819862CBC003594C7 /* ErundopelTests */,
			);
		};
/* End PBXProject section */

/* Begin PBXResourcesBuildPhase section */
		84A3A82C19862CBC003594C7 /* Resources */ = {
			isa = PBXResourcesBuildPhase;
			buildActionMask = 2147483647;
			files = (
				84A3A83C19862CBC003594C7 /* InfoPlist.strings in Resources */,
				84A3A84419862CBC003594C7 /* Images.xcassets in Resources */,
				5860338AFEE77AB29C320D89 /* AddContentChooseVC.xib in Resources */,
				58603F040817485DA21F65BB /* CardAnswerVC.xib in Resources */,
				84900627199CB5A400272EB9 /* 1407931660_icon-ios7-arrow-left.png in Resources */,
				58603C320E6A63D15B10205E /* CardQuestionVC.xib in Resources */,
				84381E8D199CB58A004EB0DC /* dbScheme.sql in Resources */,
				58603E6C695BB7B4ED3183C4 /* GameModeVC.xib in Resources */,
				5860333EE55C14902C698CA3 /* GameVC.xib in Resources */,
				84900631199DC21F00272EB9 /* erundopel152.png in Resources */,
				5860326E6FE8EF3975563C86 /* HelpVC.xib in Resources */,
				84900629199CB5BA00272EB9 /* 1407947738_common_logout_signout_exit_.png in Resources */,
				586030EF3938019B35F5933E /* LoginVC.xib in Resources */,
				586039AD932ECBF0980A20AC /* MainMenuVC.xib in Resources */,
				5860378D39F20AF847CC42F5 /* black_line.png in Resources */,
				58603EF2467690C25314E431 /* RecordsVC.xib in Resources */,
				8490062F199DC21F00272EB9 /* erundopel76.png in Resources */,
				84900630199DC21F00272EB9 /* erundopel120.png in Resources */,
				84900625199CB59100272EB9 /* SettingsVC.xib in Resources */,
				8490062E199DC21F00272EB9 /* erundopel60.png in Resources */,
				58603024DCBB015EE97C603F /* Localizable.strings in Resources */,
			);
			runOnlyForDeploymentPostprocessing = 0;
		};
		84A3A84719862CBC003594C7 /* Resources */ = {
			isa = PBXResourcesBuildPhase;
			buildActionMask = 2147483647;
			files = (
				84A3A85519862CBC003594C7 /* InfoPlist.strings in Resources */,
			);
			runOnlyForDeploymentPostprocessing = 0;
		};
/* End PBXResourcesBuildPhase section */

/* Begin PBXShellScriptBuildPhase section */
		0BD4B8AB12CA4A0AA2E8C74E /* Copy Pods Resources */ = {
			isa = PBXShellScriptBuildPhase;
			buildActionMask = 2147483647;
			files = (
			);
			inputPaths = (
			);
			name = "Copy Pods Resources";
			outputPaths = (
			);
			runOnlyForDeploymentPostprocessing = 0;
			shellPath = /bin/sh;
			shellScript = "\"${SRCROOT}/Pods/Pods-resources.sh\"\n";
			showEnvVarsInLog = 0;
		};
		4C3D64576C4440FA97D170C7 /* Check Pods Manifest.lock */ = {
			isa = PBXShellScriptBuildPhase;
			buildActionMask = 2147483647;
			files = (
			);
			inputPaths = (
			);
			name = "Check Pods Manifest.lock";
			outputPaths = (
			);
			runOnlyForDeploymentPostprocessing = 0;
			shellPath = /bin/sh;
			shellScript = "diff \"${PODS_ROOT}/../Podfile.lock\" \"${PODS_ROOT}/Manifest.lock\" > /dev/null\nif [[ $? != 0 ]] ; then\n    cat << EOM\nerror: The sandbox is not in sync with the Podfile.lock. Run 'pod install' or update your CocoaPods installation.\nEOM\n    exit 1\nfi\n";
			showEnvVarsInLog = 0;
		};
/* End PBXShellScriptBuildPhase section */

/* Begin PBXSourcesBuildPhase section */
		84A3A82A19862CBC003594C7 /* Sources */ = {
			isa = PBXSourcesBuildPhase;
			buildActionMask = 2147483647;
			files = (
				84A3A84219862CBC003594C7 /* AppDelegate.m in Sources */,
				84381E821998A627004EB0DC /* CardGenerator.m in Sources */,
				84462EF61994B93D0072D773 /* ParseLanguage.m in Sources */,
				84462EF31994B8850072D773 /* ParseMeaning.m in Sources */,
				84A3A83E19862CBC003594C7 /* main.m in Sources */,
				84900624199CB59100272EB9 /* SettingsVC.m in Sources */,
				84462EEC1993A6CC0072D773 /* ParseManager.m in Sources */,
				849940A5198FA5AF0001C817 /* Database.m in Sources */,
				84462EF01994B5820072D773 /* ParseWord.m in Sources */,
				84462EF91994BCF10072D773 /* ParseCard.m in Sources */,
				58603F634BA143453DC78263 /* AddContentChooseVC.m in Sources */,
				5860364E126FCAC99F18E9C6 /* CardAnswerVC.m in Sources */,
				58603DD8587378CE6988E4E5 /* CardQuestionVC.m in Sources */,
				58603479155F691F72A03F3E /* GameModeVC.m in Sources */,
				58603D72EDAA591097E738B9 /* HelpVC.m in Sources */,
				58603ED0098334ACE41CAAC2 /* GameVC.m in Sources */,
				5860355BB68BF0B595E167C1 /* MainMenuVC.m in Sources */,
				58603790275386AF8AE400C8 /* LoginVC.m in Sources */,
				586034705977759638D639AB /* User.m in Sources */,
				5860377CD0E442828468897F /* Article.m in Sources */,
				5860369581FD8B3D9F8D42F9 /* Meaning.m in Sources */,
				58603494BE8F2FEBE6C8637D /* Word.m in Sources */,
				58603768CF28603E2B703695 /* Card.m in Sources */,
				58603D0491B3120A7AF62849 /* UserManager.m in Sources */,
				58603105A0809F8A5560C203 /* NSString+Hashable.m in Sources */,
				5860352966AFCF93BF3E3CF4 /* UIView+Shakeable.m in Sources */,
				58603494C010C413A7DE252A /* RecordsVC.m in Sources */,
			);
			runOnlyForDeploymentPostprocessing = 0;
		};
		84A3A84519862CBC003594C7 /* Sources */ = {
			isa = PBXSourcesBuildPhase;
			buildActionMask = 2147483647;
			files = (
				849940A6198FA5AF0001C817 /* Database.m in Sources */,
				84A3A85719862CBC003594C7 /* ErundopelTests.m in Sources */,
			);
			runOnlyForDeploymentPostprocessing = 0;
		};
/* End PBXSourcesBuildPhase section */

/* Begin PBXTargetDependency section */
		84A3A84F19862CBC003594C7 /* PBXTargetDependency */ = {
			isa = PBXTargetDependency;
			target = 84A3A82D19862CBC003594C7 /* Erundopel */;
			targetProxy = 84A3A84E19862CBC003594C7 /* PBXContainerItemProxy */;
		};
/* End PBXTargetDependency section */

/* Begin PBXVariantGroup section */
		84A3A83A19862CBC003594C7 /* InfoPlist.strings */ = {
			isa = PBXVariantGroup;
			children = (
				84A3A83B19862CBC003594C7 /* en */,
			);
			name = InfoPlist.strings;
			sourceTree = "<group>";
		};
		84A3A85319862CBC003594C7 /* InfoPlist.strings */ = {
			isa = PBXVariantGroup;
			children = (
				84A3A85419862CBC003594C7 /* en */,
			);
			name = InfoPlist.strings;
			sourceTree = "<group>";
		};
/* End PBXVariantGroup section */

/* Begin XCBuildConfiguration section */
		84A3A85819862CBC003594C7 /* Debug */ = {
			isa = XCBuildConfiguration;
			buildSettings = {
				ALWAYS_SEARCH_USER_PATHS = NO;
				CLANG_CXX_LANGUAGE_STANDARD = "gnu++0x";
				CLANG_CXX_LIBRARY = "libc++";
				CLANG_ENABLE_MODULES = YES;
				CLANG_ENABLE_OBJC_ARC = YES;
				CLANG_WARN_BOOL_CONVERSION = YES;
				CLANG_WARN_CONSTANT_CONVERSION = YES;
				CLANG_WARN_DIRECT_OBJC_ISA_USAGE = YES_ERROR;
				CLANG_WARN_EMPTY_BODY = YES;
				CLANG_WARN_ENUM_CONVERSION = YES;
				CLANG_WARN_INT_CONVERSION = YES;
				CLANG_WARN_OBJC_ROOT_CLASS = YES_ERROR;
				CLANG_WARN__DUPLICATE_METHOD_MATCH = YES;
				"CODE_SIGN_IDENTITY[sdk=iphoneos*]" = "iPhone Developer";
				COPY_PHASE_STRIP = NO;
				GCC_C_LANGUAGE_STANDARD = gnu99;
				GCC_DYNAMIC_NO_PIC = NO;
				GCC_OPTIMIZATION_LEVEL = 0;
				GCC_PREPROCESSOR_DEFINITIONS = (
					"DEBUG=1",
					"$(inherited)",
				);
				GCC_SYMBOLS_PRIVATE_EXTERN = NO;
				GCC_WARN_64_TO_32_BIT_CONVERSION = YES;
				GCC_WARN_ABOUT_RETURN_TYPE = YES_ERROR;
				GCC_WARN_UNDECLARED_SELECTOR = YES;
				GCC_WARN_UNINITIALIZED_AUTOS = YES_AGGRESSIVE;
				GCC_WARN_UNUSED_FUNCTION = YES;
				GCC_WARN_UNUSED_VARIABLE = YES;
				IPHONEOS_DEPLOYMENT_TARGET = 7.1;
				ONLY_ACTIVE_ARCH = YES;
				SDKROOT = iphoneos;
				TARGETED_DEVICE_FAMILY = "1,2";
			};
			name = Debug;
		};
		84A3A85919862CBC003594C7 /* Release */ = {
			isa = XCBuildConfiguration;
			buildSettings = {
				ALWAYS_SEARCH_USER_PATHS = NO;
				CLANG_CXX_LANGUAGE_STANDARD = "gnu++0x";
				CLANG_CXX_LIBRARY = "libc++";
				CLANG_ENABLE_MODULES = YES;
				CLANG_ENABLE_OBJC_ARC = YES;
				CLANG_WARN_BOOL_CONVERSION = YES;
				CLANG_WARN_CONSTANT_CONVERSION = YES;
				CLANG_WARN_DIRECT_OBJC_ISA_USAGE = YES_ERROR;
				CLANG_WARN_EMPTY_BODY = YES;
				CLANG_WARN_ENUM_CONVERSION = YES;
				CLANG_WARN_INT_CONVERSION = YES;
				CLANG_WARN_OBJC_ROOT_CLASS = YES_ERROR;
				CLANG_WARN__DUPLICATE_METHOD_MATCH = YES;
				"CODE_SIGN_IDENTITY[sdk=iphoneos*]" = "iPhone Developer";
				COPY_PHASE_STRIP = YES;
				ENABLE_NS_ASSERTIONS = NO;
				GCC_C_LANGUAGE_STANDARD = gnu99;
				GCC_WARN_64_TO_32_BIT_CONVERSION = YES;
				GCC_WARN_ABOUT_RETURN_TYPE = YES_ERROR;
				GCC_WARN_UNDECLARED_SELECTOR = YES;
				GCC_WARN_UNINITIALIZED_AUTOS = YES_AGGRESSIVE;
				GCC_WARN_UNUSED_FUNCTION = YES;
				GCC_WARN_UNUSED_VARIABLE = YES;
				IPHONEOS_DEPLOYMENT_TARGET = 7.1;
				SDKROOT = iphoneos;
				TARGETED_DEVICE_FAMILY = "1,2";
				VALIDATE_PRODUCT = YES;
			};
			name = Release;
		};
		84A3A85B19862CBC003594C7 /* Debug */ = {
			isa = XCBuildConfiguration;
			baseConfigurationReference = DC8C1DE010FC4D3A999E2FEA /* Pods.xcconfig */;
			buildSettings = {
				ASSETCATALOG_COMPILER_APPICON_NAME = AppIcon;
				ASSETCATALOG_COMPILER_LAUNCHIMAGE_NAME = LaunchImage;
				CODE_SIGN_IDENTITY = "iPhone Developer";
				FRAMEWORK_SEARCH_PATHS = (
					"$(inherited)",
					"$(PROJECT_DIR)",
				);
				GCC_PRECOMPILE_PREFIX_HEADER = YES;
				GCC_PREFIX_HEADER = "Erundopel/Erundopel-Prefix.pch";
				INFOPLIST_FILE = "Erundopel/Erundopel-Info.plist";
				PRODUCT_NAME = "$(TARGET_NAME)";
				WRAPPER_EXTENSION = app;
			};
			name = Debug;
		};
		84A3A85C19862CBC003594C7 /* Release */ = {
			isa = XCBuildConfiguration;
			baseConfigurationReference = DC8C1DE010FC4D3A999E2FEA /* Pods.xcconfig */;
			buildSettings = {
				ASSETCATALOG_COMPILER_APPICON_NAME = AppIcon;
				ASSETCATALOG_COMPILER_LAUNCHIMAGE_NAME = LaunchImage;
				CODE_SIGN_IDENTITY = "iPhone Developer";
				FRAMEWORK_SEARCH_PATHS = (
					"$(inherited)",
					"$(PROJECT_DIR)",
				);
				GCC_PRECOMPILE_PREFIX_HEADER = YES;
				GCC_PREFIX_HEADER = "Erundopel/Erundopel-Prefix.pch";
				INFOPLIST_FILE = "Erundopel/Erundopel-Info.plist";
				PRODUCT_NAME = "$(TARGET_NAME)";
				WRAPPER_EXTENSION = app;
			};
			name = Release;
		};
		84A3A85E19862CBC003594C7 /* Debug */ = {
			isa = XCBuildConfiguration;
			buildSettings = {
				BUNDLE_LOADER = "$(BUILT_PRODUCTS_DIR)/Erundopel.app/Erundopel";
				FRAMEWORK_SEARCH_PATHS = (
					"$(SDKROOT)/Developer/Library/Frameworks",
					"$(inherited)",
					"$(DEVELOPER_FRAMEWORKS_DIR)",
					"$(PROJECT_DIR)",
				);
				GCC_PRECOMPILE_PREFIX_HEADER = YES;
				GCC_PREFIX_HEADER = "Erundopel/Erundopel-Prefix.pch";
				GCC_PREPROCESSOR_DEFINITIONS = (
					"DEBUG=1",
					"$(inherited)",
				);
				INFOPLIST_FILE = "ErundopelTests/ErundopelTests-Info.plist";
				PRODUCT_NAME = "$(TARGET_NAME)";
				TEST_HOST = "$(BUNDLE_LOADER)";
				WRAPPER_EXTENSION = xctest;
			};
			name = Debug;
		};
		84A3A85F19862CBC003594C7 /* Release */ = {
			isa = XCBuildConfiguration;
			buildSettings = {
				BUNDLE_LOADER = "$(BUILT_PRODUCTS_DIR)/Erundopel.app/Erundopel";
				FRAMEWORK_SEARCH_PATHS = (
					"$(SDKROOT)/Developer/Library/Frameworks",
					"$(inherited)",
					"$(DEVELOPER_FRAMEWORKS_DIR)",
					"$(PROJECT_DIR)",
				);
				GCC_PRECOMPILE_PREFIX_HEADER = YES;
				GCC_PREFIX_HEADER = "Erundopel/Erundopel-Prefix.pch";
				INFOPLIST_FILE = "ErundopelTests/ErundopelTests-Info.plist";
				PRODUCT_NAME = "$(TARGET_NAME)";
				TEST_HOST = "$(BUNDLE_LOADER)";
				WRAPPER_EXTENSION = xctest;
			};
			name = Release;
		};
/* End XCBuildConfiguration section */

/* Begin XCConfigurationList section */
		84A3A82919862CBC003594C7 /* Build configuration list for PBXProject "Erundopel" */ = {
			isa = XCConfigurationList;
			buildConfigurations = (
				84A3A85819862CBC003594C7 /* Debug */,
				84A3A85919862CBC003594C7 /* Release */,
			);
			defaultConfigurationIsVisible = 0;
			defaultConfigurationName = Release;
		};
		84A3A85A19862CBC003594C7 /* Build configuration list for PBXNativeTarget "Erundopel" */ = {
			isa = XCConfigurationList;
			buildConfigurations = (
				84A3A85B19862CBC003594C7 /* Debug */,
				84A3A85C19862CBC003594C7 /* Release */,
			);
			defaultConfigurationIsVisible = 0;
			defaultConfigurationName = Release;
		};
		84A3A85D19862CBC003594C7 /* Build configuration list for PBXNativeTarget "ErundopelTests" */ = {
			isa = XCConfigurationList;
			buildConfigurations = (
				84A3A85E19862CBC003594C7 /* Debug */,
				84A3A85F19862CBC003594C7 /* Release */,
			);
			defaultConfigurationIsVisible = 0;
			defaultConfigurationName = Release;
		};
/* End XCConfigurationList section */
	};
	rootObject = 84A3A82619862CBC003594C7 /* Project object */;
}
